<?xml version="1.0" encoding="utf-8"?>
<Project ToolsVersion="4.0" xmlns="http://schemas.microsoft.com/developer/msbuild/2003">
  <ItemGroup>
    <Filter Include="ソース ファイル">
      <UniqueIdentifier>{4FC737F1-C7A5-4376-A066-2A32D752A2FF}</UniqueIdentifier>
      <Extensions>cpp;c;cc;cxx;c++;cppm;ixx;def;odl;idl;hpj;bat;asm;asmx</Extensions>
    </Filter>
    <Filter Include="ヘッダー ファイル">
      <UniqueIdentifier>{93995380-89BD-4b04-88EB-625FBE52EBFB}</UniqueIdentifier>
      <Extensions>h;hh;hpp;hxx;h++;hm;inl;inc;ipp;xsd</Extensions>
    </Filter>
    <Filter Include="リソース ファイル">
      <UniqueIdentifier>{67DA6AB6-F800-4c08-8B7A-83BB121AAD01}</UniqueIdentifier>
      <Extensions>rc;ico;cur;bmp;dlg;rc2;rct;bin;rgs;gif;jpg;jpeg;jpe;resx;tiff;tif;png;wav;mfcribbon-ms</Extensions>
    </Filter>
    <Filter Include="ソース ファイル\screen">
      <UniqueIdentifier>{ba88c315-c51a-4da4-8b8a-f268bc30b9bb}</UniqueIdentifier>
    </Filter>
    <Filter Include="ヘッダー ファイル\screen">
      <UniqueIdentifier>{32d7862e-2ff7-4d13-908a-74ff00f64f63}</UniqueIdentifier>
    </Filter>
    <Filter Include="ヘッダー ファイル\character">
      <UniqueIdentifier>{0e2a13af-7f0f-464c-b241-ce9b167c718b}</UniqueIdentifier>
    </Filter>
    <Filter Include="ソース ファイル\character">
      <UniqueIdentifier>{1f573536-efd8-4716-8258-49ce05b54d49}</UniqueIdentifier>
    </Filter>
    <Filter Include="ヘッダー ファイル\view">
      <UniqueIdentifier>{9f67c046-7943-4e2c-bb63-48211e455c5e}</UniqueIdentifier>
    </Filter>
  </ItemGroup>
  <ItemGroup>
    <ClCompile Include="scr\Main.cpp">
      <Filter>ソース ファイル</Filter>
    </ClCompile>
    <ClCompile Include="scr\ScreenManager.cpp">
      <Filter>ソース ファイル\screen</Filter>
    </ClCompile>
    <ClCompile Include="scr\CharacterFactory.cpp">
      <Filter>ソース ファイル\character</Filter>
    </ClCompile>
    <ClCompile Include="scr\Enemy.cpp">
      <Filter>ソース ファイル\character</Filter>
    </ClCompile>
    <ClCompile Include="scr\Player.cpp">
      <Filter>ソース ファイル\character</Filter>
    </ClCompile>
    <ClCompile Include="scr\Title.cpp">
      <Filter>ソース ファイル\screen</Filter>
    </ClCompile>
    <ClCompile Include="scr\Battle.cpp">
      <Filter>ソース ファイル\screen</Filter>
    </ClCompile>
    <ClCompile Include="scr\Result.cpp">
      <Filter>ソース ファイル\screen</Filter>
    </ClCompile>
  </ItemGroup>
  <ItemGroup>
    <ClInclude Include="scr\ScreenManager.h">
      <Filter>ヘッダー ファイル\screen</Filter>
    </ClInclude>
    <ClInclude Include="scr\CharacterData.h">
      <Filter>ヘッダー ファイル\character</Filter>
    </ClInclude>
    <ClInclude Include="scr\CharacterFactory.h">
      <Filter>ヘッダー ファイル\character</Filter>
    </ClInclude>
    <ClInclude Include="scr\Character.h">
      <Filter>ヘッダー ファイル\character</Filter>
    </ClInclude>
    <ClInclude Include="scr\Player.h">
      <Filter>ヘッダー ファイル\character</Filter>
    </ClInclude>
    <ClInclude Include="scr\Enemy.h">
      <Filter>ヘッダー ファイル\character</Filter>
    </ClInclude>
    <ClInclude Include="scr\Title.h">
      <Filter>ヘッダー ファイル\screen</Filter>
    </ClInclude>
    <ClInclude Include="scr\Battle.h">
      <Filter>ヘッダー ファイル\screen</Filter>
    </ClInclude>
    <ClInclude Include="scr\Result.h">
      <Filter>ヘッダー ファイル\screen</Filter>
    </ClInclude>
    <ClInclude Include="scr\ScreenBase.h">
      <Filter>ヘッダー ファイル\screen</Filter>
    </ClInclude>
    <ClInclude Include="scr\ObjectPool.h">
      <Filter>ヘッダー ファイル\character</Filter>
    </ClInclude>
    <ClInclude Include="scr\PoolHandle.h">
      <Filter>ヘッダー ファイル\character</Filter>
    </ClInclude>
    <ClInclude Include="scr\view.h">
      <Filter>ヘッダー ファイル\view</Filter>
    </ClInclude>
    <ClInclude Include="scr\Enum.h">
      <Filter>ヘッダー ファイル</Filter>
    </ClInclude>
    <ClInclude Include="scr\Calculation.h">
      <Filter>ヘッダー ファイル</Filter>
    </ClInclude>
    <ClInclude Include="scr\Define.h">
      <Filter>ヘッダー ファイル</Filter>
    </ClInclude>
  </ItemGroup>
</Project>